
Microsoft Visual Studio Solution File, Format Version 12.00
# Visual Studio Version 16
VisualStudioVersion = 16.0.31829.152
MinimumVisualStudioVersion = 10.0.40219.1
Project("{888888A0-9F3D-457C-B088-3A5042F75D52}") = "Media Aluno", "Media Aluno\Media Aluno.pyproj", "{F8454E08-7904-40E0-BE76-2CDD889912E0}"
EndProject
Global
	GlobalSection(SolutionConfigurationPlatforms) = preSolution
		Debug|Any CPU = Debug|Any CPU
		Release|Any CPU = Release|Any CPU
	EndGlobalSection
	GlobalSection(ProjectConfigurationPlatforms) = postSolution
		{F8454E08-7904-40E0-BE76-2CDD889912E0}.Debug|Any CPU.ActiveCfg = Debug|Any CPU
		{F8454E08-7904-40E0-BE76-2CDD889912E0}.Release|Any CPU.ActiveCfg = Release|Any CPU
	EndGlobalSection
	GlobalSection(SolutionProperties) = preSolution
		HideSolutionNode = FALSE
	EndGlobalSection
	GlobalSection(ExtensibilityGlobals) = postSolution
		SolutionGuid = {1B4C335E-5189-467B-8E00-D7C4D7EF1650}
	EndGlobalSection
EndGlobal
